
Microsoft Visual Studio Solution File, Format Version 12.00
# Visual Studio Version 16
VisualStudioVersion = 16.0.30709.132
MinimumVisualStudioVersion = 10.0.40219.1
Project("{9A19103F-16F7-4668-BE54-9A1E7A4F7556}") = "TaskBoard.UI", "TaskBoard.UI\TaskBoard.UI.csproj", "{E721ACA8-4292-4DBC-81B8-99D3CD8F6D93}"
EndProject
Project("{9A19103F-16F7-4668-BE54-9A1E7A4F7556}") = "TaskBoard.Api", "TaskBoard.Api\TaskBoard.Api.csproj", "{12DF1A5E-5450-464F-B3F9-CD9473929387}"
EndProject
Project("{9A19103F-16F7-4668-BE54-9A1E7A4F7556}") = "TaskBoard.Model", "TaskBoard.Model\TaskBoard.Model.csproj", "{D34639F8-DA7C-4D1C-ACDD-608C24C3D760}"
EndProject
Project("{9A19103F-16F7-4668-BE54-9A1E7A4F7556}") = "TaskBoard.Data", "TaskBoard.Data\TaskBoard.Data.csproj", "{42943315-817D-4D9B-B7E6-42BEDD7269A0}"
EndProject
Project("{E53339B2-1760-4266-BCC7-CA923CBCF16C}") = "docker-compose", "docker-compose.dcproj", "{6DB048DE-DA61-4815-9FFA-40A561B1F060}"
EndProject
Global
	GlobalSection(SolutionConfigurationPlatforms) = preSolution
		Debug|Any CPU = Debug|Any CPU
		Release|Any CPU = Release|Any CPU
	EndGlobalSection
	GlobalSection(ProjectConfigurationPlatforms) = postSolution
		{E721ACA8-4292-4DBC-81B8-99D3CD8F6D93}.Debug|Any CPU.ActiveCfg = Debug|Any CPU
		{E721ACA8-4292-4DBC-81B8-99D3CD8F6D93}.Debug|Any CPU.Build.0 = Debug|Any CPU
		{E721ACA8-4292-4DBC-81B8-99D3CD8F6D93}.Release|Any CPU.ActiveCfg = Release|Any CPU
		{E721ACA8-4292-4DBC-81B8-99D3CD8F6D93}.Release|Any CPU.Build.0 = Release|Any CPU
		{12DF1A5E-5450-464F-B3F9-CD9473929387}.Debug|Any CPU.ActiveCfg = Debug|Any CPU
		{12DF1A5E-5450-464F-B3F9-CD9473929387}.Debug|Any CPU.Build.0 = Debug|Any CPU
		{12DF1A5E-5450-464F-B3F9-CD9473929387}.Release|Any CPU.ActiveCfg = Release|Any CPU
		{12DF1A5E-5450-464F-B3F9-CD9473929387}.Release|Any CPU.Build.0 = Release|Any CPU
		{D34639F8-DA7C-4D1C-ACDD-608C24C3D760}.Debug|Any CPU.ActiveCfg = Debug|Any CPU
		{D34639F8-DA7C-4D1C-ACDD-608C24C3D760}.Debug|Any CPU.Build.0 = Debug|Any CPU
		{D34639F8-DA7C-4D1C-ACDD-608C24C3D760}.Release|Any CPU.ActiveCfg = Release|Any CPU
		{D34639F8-DA7C-4D1C-ACDD-608C24C3D760}.Release|Any CPU.Build.0 = Release|Any CPU
		{42943315-817D-4D9B-B7E6-42BEDD7269A0}.Debug|Any CPU.ActiveCfg = Debug|Any CPU
		{42943315-817D-4D9B-B7E6-42BEDD7269A0}.Debug|Any CPU.Build.0 = Debug|Any CPU
		{42943315-817D-4D9B-B7E6-42BEDD7269A0}.Release|Any CPU.ActiveCfg = Release|Any CPU
		{42943315-817D-4D9B-B7E6-42BEDD7269A0}.Release|Any CPU.Build.0 = Release|Any CPU
		{6DB048DE-DA61-4815-9FFA-40A561B1F060}.Debug|Any CPU.ActiveCfg = Debug|Any CPU
		{6DB048DE-DA61-4815-9FFA-40A561B1F060}.Debug|Any CPU.Build.0 = Debug|Any CPU
		{6DB048DE-DA61-4815-9FFA-40A561B1F060}.Release|Any CPU.ActiveCfg = Release|Any CPU
		{6DB048DE-DA61-4815-9FFA-40A561B1F060}.Release|Any CPU.Build.0 = Release|Any CPU
	EndGlobalSection
	GlobalSection(SolutionProperties) = preSolution
		HideSolutionNode = FALSE
	EndGlobalSection
	GlobalSection(ExtensibilityGlobals) = postSolution
		SolutionGuid = {3CD6BD74-EC74-4A23-8573-76EC5F1B7A87}
	EndGlobalSection
EndGlobal
